
Microsoft Visual Studio Solution File, Format Version 12.00
# Visual Studio Version 16
VisualStudioVersion = 16.0.29519.87
MinimumVisualStudioVersion = 10.0.40219.1
Project("{FAE04EC0-301F-11D3-BF4B-00C04F79EFBC}") = "ChromeStealer", "ChromeStealer\ChromeStealer.csproj", "{F5233B08-85CB-4CE0-80F6-175A563A5ACD}"
EndProject
Global
	GlobalSection(SolutionConfigurationPlatforms) = preSolution
		Debug|Any CPU = Debug|Any CPU
		Release|Any CPU = Release|Any CPU
	EndGlobalSection
	GlobalSection(ProjectConfigurationPlatforms) = postSolution
		{F5233B08-85CB-4CE0-80F6-175A563A5ACD}.Debug|Any CPU.ActiveCfg = Debug|Any CPU
		{F5233B08-85CB-4CE0-80F6-175A563A5ACD}.Debug|Any CPU.Build.0 = Debug|Any CPU
		{F5233B08-85CB-4CE0-80F6-175A563A5ACD}.Release|Any CPU.ActiveCfg = Release|Any CPU
		{F5233B08-85CB-4CE0-80F6-175A563A5ACD}.Release|Any CPU.Build.0 = Release|Any CPU
	EndGlobalSection
	GlobalSection(SolutionProperties) = preSolution
		HideSolutionNode = FALSE
	EndGlobalSection
	GlobalSection(ExtensibilityGlobals) = postSolution
		SolutionGuid = {522DD635-0DD4-457F-9E67-DFE1549F610D}
	EndGlobalSection
EndGlobal
